
Microsoft Visual Studio Solution File, Format Version 12.00
# Visual Studio 15
VisualStudioVersion = 15.0.26730.16
MinimumVisualStudioVersion = 10.0.40219.1
Project("{FAE04EC0-301F-11D3-BF4B-00C04F79EFBC}") = "Databasteknik Inlämning1", "Databasteknik Inlämning1\Databasteknik Inlämning1.csproj", "{009CDE43-3EB9-4A57-8201-149C70454576}"
EndProject
Global
	GlobalSection(SolutionConfigurationPlatforms) = preSolution
		Debug|Any CPU = Debug|Any CPU
		Release|Any CPU = Release|Any CPU
	EndGlobalSection
	GlobalSection(ProjectConfigurationPlatforms) = postSolution
		{009CDE43-3EB9-4A57-8201-149C70454576}.Debug|Any CPU.ActiveCfg = Debug|Any CPU
		{009CDE43-3EB9-4A57-8201-149C70454576}.Debug|Any CPU.Build.0 = Debug|Any CPU
		{009CDE43-3EB9-4A57-8201-149C70454576}.Release|Any CPU.ActiveCfg = Release|Any CPU
		{009CDE43-3EB9-4A57-8201-149C70454576}.Release|Any CPU.Build.0 = Release|Any CPU
	EndGlobalSection
	GlobalSection(SolutionProperties) = preSolution
		HideSolutionNode = FALSE
	EndGlobalSection
	GlobalSection(ExtensibilityGlobals) = postSolution
		SolutionGuid = {4283AFBE-AC4E-4911-8404-46C958CCAD19}
	EndGlobalSection
EndGlobal
